
Microsoft Visual Studio Solution File, Format Version 12.00
# Visual Studio Version 17
VisualStudioVersion = 17.1.32228.430
MinimumVisualStudioVersion = 10.0.40219.1
Project("{2150E333-8FDC-42A3-9474-1A3956D46DE8}") = "1. Enterprise Business Rules", "1. Enterprise Business Rules", "{9D2DE89F-A09D-4C7A-BCDA-DF6A42AF619B}"
EndProject
Project("{2150E333-8FDC-42A3-9474-1A3956D46DE8}") = "2. Application Business Rules", "2. Application Business Rules", "{108CE2FD-553C-41B9-9023-761CA665E429}"
EndProject
Project("{2150E333-8FDC-42A3-9474-1A3956D46DE8}") = "3. Interface Adapters", "3. Interface Adapters", "{70DBE26A-0323-4675-B916-48430B9FBEA2}"
EndProject
Project("{2150E333-8FDC-42A3-9474-1A3956D46DE8}") = "4. Frameworks And Drivers", "4. Frameworks And Drivers", "{757712D1-43CB-4505-B24E-66504149405D}"
EndProject
Project("{2150E333-8FDC-42A3-9474-1A3956D46DE8}") = "Gateway", "Gateway", "{EDF127E1-BD4C-42FA-A4B6-BC2F9CB284C5}"
EndProject
Project("{2150E333-8FDC-42A3-9474-1A3956D46DE8}") = "Repositories", "Repositories", "{C8B7CE4F-ED0B-4195-880B-816B1BD466AF}"
EndProject
Project("{9A19103F-16F7-4668-BE54-9A1E7A4F7556}") = "NorthWind.EFCore.Repositories", "NorthWind.EFCore.Repositories\NorthWind.EFCore.Repositories.csproj", "{A1FA9D3B-F10E-47F3-A44F-430EE6538220}"
EndProject
Project("{2150E333-8FDC-42A3-9474-1A3956D46DE8}") = "Presenters", "Presenters", "{30729096-173C-4715-9330-F1E15EF99AD0}"
EndProject
Project("{9A19103F-16F7-4668-BE54-9A1E7A4F7556}") = "NorthWind.Sales.Presenters", "NorthWind.Sales.Presenters\NorthWind.Sales.Presenters.csproj", "{292D3A4E-9677-49CF-A4AD-E50A858619A8}"
EndProject
Project("{2150E333-8FDC-42A3-9474-1A3956D46DE8}") = "Controllers", "Controllers", "{BADDE007-4E71-45EF-B71E-9973DA1AF226}"
EndProject
Project("{9A19103F-16F7-4668-BE54-9A1E7A4F7556}") = "NorthWind.Sales.Controllers", "NorthWind.Sales.Controllers\NorthWind.Sales.Controllers.csproj", "{339E5FA9-2DA5-49C1-B118-C9BC96487BDD}"
EndProject
Project("{9A19103F-16F7-4668-BE54-9A1E7A4F7556}") = "NorthWind.Sales.WebApi", "NorthWind.Sales.WebApi\NorthWind.Sales.WebApi.csproj", "{081E7643-7CB8-4355-B37C-3D2A64E8DD51}"
EndProject
Project("{9A19103F-16F7-4668-BE54-9A1E7A4F7556}") = "NorthWind.Sales.WebApiGateway", "NorthWind.Sales.WebApiGateway\NorthWind.Sales.WebApiGateway.csproj", "{ACB980F7-273A-41EE-B48C-7BD3D3CF37FD}"
EndProject
Project("{9A19103F-16F7-4668-BE54-9A1E7A4F7556}") = "NorthWind.Entities", "NorthWind.Entities\NorthWind.Entities.csproj", "{F859C267-6829-4CFB-A43E-070C0D8AF30A}"
EndProject
Project("{9A19103F-16F7-4668-BE54-9A1E7A4F7556}") = "NorthWind.Sales.UsesCases", "NorthWind.Sales.UsesCases\NorthWind.Sales.UsesCases.csproj", "{F6836E3C-F043-403D-990A-D7F204D4FE4D}"
EndProject
Project("{9A19103F-16F7-4668-BE54-9A1E7A4F7556}") = "NorthWind.Sales.BusinessObjects", "NorthWind.Sales\NorthWind.Sales.BusinessObjects.csproj", "{AA4C3FFB-0DEE-40C6-8A27-B4B753F7CF1F}"
EndProject
Project("{9A19103F-16F7-4668-BE54-9A1E7A4F7556}") = "NorthWind.Sales.IoC", "NorthWind.Sales.IoC\NorthWind.Sales.IoC.csproj", "{28BE3435-AD13-4845-AC64-73004F02C5EC}"
EndProject
Project("{FAE04EC0-301F-11D3-BF4B-00C04F79EFBC}") = "NorthWind.Sales.BlazorClient", "NorthWind.Sales.BlazorClient\NorthWind.Sales.BlazorClient.csproj", "{BE26EDFD-AB00-4053-B337-2A88BD6A1BA7}"
EndProject
Global
	GlobalSection(SolutionConfigurationPlatforms) = preSolution
		Debug|Any CPU = Debug|Any CPU
		Release|Any CPU = Release|Any CPU
	EndGlobalSection
	GlobalSection(ProjectConfigurationPlatforms) = postSolution
		{A1FA9D3B-F10E-47F3-A44F-430EE6538220}.Debug|Any CPU.ActiveCfg = Debug|Any CPU
		{A1FA9D3B-F10E-47F3-A44F-430EE6538220}.Debug|Any CPU.Build.0 = Debug|Any CPU
		{A1FA9D3B-F10E-47F3-A44F-430EE6538220}.Release|Any CPU.ActiveCfg = Release|Any CPU
		{A1FA9D3B-F10E-47F3-A44F-430EE6538220}.Release|Any CPU.Build.0 = Release|Any CPU
		{292D3A4E-9677-49CF-A4AD-E50A858619A8}.Debug|Any CPU.ActiveCfg = Debug|Any CPU
		{292D3A4E-9677-49CF-A4AD-E50A858619A8}.Debug|Any CPU.Build.0 = Debug|Any CPU
		{292D3A4E-9677-49CF-A4AD-E50A858619A8}.Release|Any CPU.ActiveCfg = Release|Any CPU
		{292D3A4E-9677-49CF-A4AD-E50A858619A8}.Release|Any CPU.Build.0 = Release|Any CPU
		{339E5FA9-2DA5-49C1-B118-C9BC96487BDD}.Debug|Any CPU.ActiveCfg = Debug|Any CPU
		{339E5FA9-2DA5-49C1-B118-C9BC96487BDD}.Debug|Any CPU.Build.0 = Debug|Any CPU
		{339E5FA9-2DA5-49C1-B118-C9BC96487BDD}.Release|Any CPU.ActiveCfg = Release|Any CPU
		{339E5FA9-2DA5-49C1-B118-C9BC96487BDD}.Release|Any CPU.Build.0 = Release|Any CPU
		{081E7643-7CB8-4355-B37C-3D2A64E8DD51}.Debug|Any CPU.ActiveCfg = Debug|Any CPU
		{081E7643-7CB8-4355-B37C-3D2A64E8DD51}.Debug|Any CPU.Build.0 = Debug|Any CPU
		{081E7643-7CB8-4355-B37C-3D2A64E8DD51}.Release|Any CPU.ActiveCfg = Release|Any CPU
		{081E7643-7CB8-4355-B37C-3D2A64E8DD51}.Release|Any CPU.Build.0 = Release|Any CPU
		{ACB980F7-273A-41EE-B48C-7BD3D3CF37FD}.Debug|Any CPU.ActiveCfg = Debug|Any CPU
		{ACB980F7-273A-41EE-B48C-7BD3D3CF37FD}.Debug|Any CPU.Build.0 = Debug|Any CPU
		{ACB980F7-273A-41EE-B48C-7BD3D3CF37FD}.Release|Any CPU.ActiveCfg = Release|Any CPU
		{ACB980F7-273A-41EE-B48C-7BD3D3CF37FD}.Release|Any CPU.Build.0 = Release|Any CPU
		{F859C267-6829-4CFB-A43E-070C0D8AF30A}.Debug|Any CPU.ActiveCfg = Debug|Any CPU
		{F859C267-6829-4CFB-A43E-070C0D8AF30A}.Debug|Any CPU.Build.0 = Debug|Any CPU
		{F859C267-6829-4CFB-A43E-070C0D8AF30A}.Release|Any CPU.ActiveCfg = Release|Any CPU
		{F859C267-6829-4CFB-A43E-070C0D8AF30A}.Release|Any CPU.Build.0 = Release|Any CPU
		{F6836E3C-F043-403D-990A-D7F204D4FE4D}.Debug|Any CPU.ActiveCfg = Debug|Any CPU
		{F6836E3C-F043-403D-990A-D7F204D4FE4D}.Debug|Any CPU.Build.0 = Debug|Any CPU
		{F6836E3C-F043-403D-990A-D7F204D4FE4D}.Release|Any CPU.ActiveCfg = Release|Any CPU
		{F6836E3C-F043-403D-990A-D7F204D4FE4D}.Release|Any CPU.Build.0 = Release|Any CPU
		{AA4C3FFB-0DEE-40C6-8A27-B4B753F7CF1F}.Debug|Any CPU.ActiveCfg = Debug|Any CPU
		{AA4C3FFB-0DEE-40C6-8A27-B4B753F7CF1F}.Debug|Any CPU.Build.0 = Debug|Any CPU
		{AA4C3FFB-0DEE-40C6-8A27-B4B753F7CF1F}.Release|Any CPU.ActiveCfg = Release|Any CPU
		{AA4C3FFB-0DEE-40C6-8A27-B4B753F7CF1F}.Release|Any CPU.Build.0 = Release|Any CPU
		{28BE3435-AD13-4845-AC64-73004F02C5EC}.Debug|Any CPU.ActiveCfg = Debug|Any CPU
		{28BE3435-AD13-4845-AC64-73004F02C5EC}.Debug|Any CPU.Build.0 = Debug|Any CPU
		{28BE3435-AD13-4845-AC64-73004F02C5EC}.Release|Any CPU.ActiveCfg = Release|Any CPU
		{28BE3435-AD13-4845-AC64-73004F02C5EC}.Release|Any CPU.Build.0 = Release|Any CPU
		{BE26EDFD-AB00-4053-B337-2A88BD6A1BA7}.Debug|Any CPU.ActiveCfg = Debug|Any CPU
		{BE26EDFD-AB00-4053-B337-2A88BD6A1BA7}.Debug|Any CPU.Build.0 = Debug|Any CPU
		{BE26EDFD-AB00-4053-B337-2A88BD6A1BA7}.Release|Any CPU.ActiveCfg = Release|Any CPU
		{BE26EDFD-AB00-4053-B337-2A88BD6A1BA7}.Release|Any CPU.Build.0 = Release|Any CPU
	EndGlobalSection
	GlobalSection(SolutionProperties) = preSolution
		HideSolutionNode = FALSE
	EndGlobalSection
	GlobalSection(NestedProjects) = preSolution
		{EDF127E1-BD4C-42FA-A4B6-BC2F9CB284C5} = {70DBE26A-0323-4675-B916-48430B9FBEA2}
		{C8B7CE4F-ED0B-4195-880B-816B1BD466AF} = {EDF127E1-BD4C-42FA-A4B6-BC2F9CB284C5}
		{A1FA9D3B-F10E-47F3-A44F-430EE6538220} = {C8B7CE4F-ED0B-4195-880B-816B1BD466AF}
		{30729096-173C-4715-9330-F1E15EF99AD0} = {70DBE26A-0323-4675-B916-48430B9FBEA2}
		{292D3A4E-9677-49CF-A4AD-E50A858619A8} = {30729096-173C-4715-9330-F1E15EF99AD0}
		{BADDE007-4E71-45EF-B71E-9973DA1AF226} = {70DBE26A-0323-4675-B916-48430B9FBEA2}
		{339E5FA9-2DA5-49C1-B118-C9BC96487BDD} = {BADDE007-4E71-45EF-B71E-9973DA1AF226}
		{081E7643-7CB8-4355-B37C-3D2A64E8DD51} = {757712D1-43CB-4505-B24E-66504149405D}
		{ACB980F7-273A-41EE-B48C-7BD3D3CF37FD} = {EDF127E1-BD4C-42FA-A4B6-BC2F9CB284C5}
		{F859C267-6829-4CFB-A43E-070C0D8AF30A} = {9D2DE89F-A09D-4C7A-BCDA-DF6A42AF619B}
		{F6836E3C-F043-403D-990A-D7F204D4FE4D} = {108CE2FD-553C-41B9-9023-761CA665E429}
		{AA4C3FFB-0DEE-40C6-8A27-B4B753F7CF1F} = {108CE2FD-553C-41B9-9023-761CA665E429}
		{28BE3435-AD13-4845-AC64-73004F02C5EC} = {70DBE26A-0323-4675-B916-48430B9FBEA2}
		{BE26EDFD-AB00-4053-B337-2A88BD6A1BA7} = {757712D1-43CB-4505-B24E-66504149405D}
	EndGlobalSection
	GlobalSection(ExtensibilityGlobals) = postSolution
		SolutionGuid = {61218C70-1FED-4483-9EE6-6EAE8E34A1A2}
	EndGlobalSection
EndGlobal
